
Microsoft Visual Studio Solution File, Format Version 12.00
# Visual Studio Version 17
VisualStudioVersion = 17.7.34024.191
MinimumVisualStudioVersion = 10.0.40219.1
Project("{FAE04EC0-301F-11D3-BF4B-00C04F79EFBC}") = "Demo", "Demo\Demo.csproj", "{CFA1F214-AFC4-4FF0-9B70-4F95FFF690A8}"
EndProject
Global
	GlobalSection(SolutionConfigurationPlatforms) = preSolution
		Debug|Any CPU = Debug|Any CPU
		Release|Any CPU = Release|Any CPU
	EndGlobalSection
	GlobalSection(ProjectConfigurationPlatforms) = postSolution
		{CFA1F214-AFC4-4FF0-9B70-4F95FFF690A8}.Debug|Any CPU.ActiveCfg = Debug|Any CPU
		{CFA1F214-AFC4-4FF0-9B70-4F95FFF690A8}.Debug|Any CPU.Build.0 = Debug|Any CPU
		{CFA1F214-AFC4-4FF0-9B70-4F95FFF690A8}.Release|Any CPU.ActiveCfg = Release|Any CPU
		{CFA1F214-AFC4-4FF0-9B70-4F95FFF690A8}.Release|Any CPU.Build.0 = Release|Any CPU
	EndGlobalSection
	GlobalSection(SolutionProperties) = preSolution
		HideSolutionNode = FALSE
	EndGlobalSection
	GlobalSection(ExtensibilityGlobals) = postSolution
		SolutionGuid = {BDFD2F46-048B-4104-B039-7D6D03F70AC6}
	EndGlobalSection
EndGlobal
